
Microsoft Visual Studio Solution File, Format Version 12.00
# Visual Studio 15
Project("{FAE04EC0-301F-11D3-BF4B-00C04F79EFBC}") = "csharp-web-dev-lsn1datatypes", "csharp-web-dev-lsn1datatypes\csharp-web-dev-lsn1datatypes.csproj", "{07E87B5E-872A-45C8-81BE-CD6C00E95FBD}"
EndProject
Project("{FAE04EC0-301F-11D3-BF4B-00C04F79EFBC}") = "TempConverter", "TempConverter\TempConverter.csproj", "{71E4530D-3E51-43F1-9C81-87417D67E40F}"
EndProject
Global
	GlobalSection(SolutionConfigurationPlatforms) = preSolution
		Debug|Any CPU = Debug|Any CPU
		Release|Any CPU = Release|Any CPU
	EndGlobalSection
	GlobalSection(ProjectConfigurationPlatforms) = postSolution
		{07E87B5E-872A-45C8-81BE-CD6C00E95FBD}.Debug|Any CPU.ActiveCfg = Debug|Any CPU
		{07E87B5E-872A-45C8-81BE-CD6C00E95FBD}.Debug|Any CPU.Build.0 = Debug|Any CPU
		{07E87B5E-872A-45C8-81BE-CD6C00E95FBD}.Release|Any CPU.ActiveCfg = Release|Any CPU
		{07E87B5E-872A-45C8-81BE-CD6C00E95FBD}.Release|Any CPU.Build.0 = Release|Any CPU
		{71E4530D-3E51-43F1-9C81-87417D67E40F}.Debug|Any CPU.ActiveCfg = Debug|Any CPU
		{71E4530D-3E51-43F1-9C81-87417D67E40F}.Debug|Any CPU.Build.0 = Debug|Any CPU
		{71E4530D-3E51-43F1-9C81-87417D67E40F}.Release|Any CPU.ActiveCfg = Release|Any CPU
		{71E4530D-3E51-43F1-9C81-87417D67E40F}.Release|Any CPU.Build.0 = Release|Any CPU
	EndGlobalSection
EndGlobal
